
Microsoft Visual Studio Solution File, Format Version 12.00
# Visual Studio Version 17
VisualStudioVersion = 17.10.35122.118
MinimumVisualStudioVersion = 10.0.40219.1
Project("{FAE04EC0-301F-11D3-BF4B-00C04F79EFBC}") = "sidecar-dotnetcore", "sidecar-dotnetcore\sidecar-dotnetcore.csproj", "{D4FCFFA4-6DA2-4A67-9FBA-66B6E3E472E9}"
EndProject
Global
	GlobalSection(SolutionConfigurationPlatforms) = preSolution
		Debug|Any CPU = Debug|Any CPU
		Release|Any CPU = Release|Any CPU
	EndGlobalSection
	GlobalSection(ProjectConfigurationPlatforms) = postSolution
		{D4FCFFA4-6DA2-4A67-9FBA-66B6E3E472E9}.Debug|Any CPU.ActiveCfg = Debug|Any CPU
		{D4FCFFA4-6DA2-4A67-9FBA-66B6E3E472E9}.Debug|Any CPU.Build.0 = Debug|Any CPU
		{D4FCFFA4-6DA2-4A67-9FBA-66B6E3E472E9}.Release|Any CPU.ActiveCfg = Release|Any CPU
		{D4FCFFA4-6DA2-4A67-9FBA-66B6E3E472E9}.Release|Any CPU.Build.0 = Release|Any CPU
	EndGlobalSection
	GlobalSection(SolutionProperties) = preSolution
		HideSolutionNode = FALSE
	EndGlobalSection
	GlobalSection(ExtensibilityGlobals) = postSolution
		SolutionGuid = {3DDF27E3-C9EC-4BB9-94F7-9D01BD3D5B3D}
	EndGlobalSection
EndGlobal
